
Microsoft Visual Studio Solution File, Format Version 12.00
# Visual Studio 15
VisualStudioVersion = 15.0.28307.852
MinimumVisualStudioVersion = 10.0.40219.1
Project("{FAE04EC0-301F-11D3-BF4B-00C04F79EFBC}") = "DZBServiceApi", "DZBServiceApi\DZBServiceApi.csproj", "{B177FFC5-210F-43B3-9738-36B86C4A461E}"
EndProject
Global
	GlobalSection(SolutionConfigurationPlatforms) = preSolution
		Debug|Any CPU = Debug|Any CPU
		Release|Any CPU = Release|Any CPU
	EndGlobalSection
	GlobalSection(ProjectConfigurationPlatforms) = postSolution
		{B177FFC5-210F-43B3-9738-36B86C4A461E}.Debug|Any CPU.ActiveCfg = Debug|Any CPU
		{B177FFC5-210F-43B3-9738-36B86C4A461E}.Debug|Any CPU.Build.0 = Debug|Any CPU
		{B177FFC5-210F-43B3-9738-36B86C4A461E}.Release|Any CPU.ActiveCfg = Release|Any CPU
		{B177FFC5-210F-43B3-9738-36B86C4A461E}.Release|Any CPU.Build.0 = Release|Any CPU
	EndGlobalSection
	GlobalSection(SolutionProperties) = preSolution
		HideSolutionNode = FALSE
	EndGlobalSection
	GlobalSection(ExtensibilityGlobals) = postSolution
		SolutionGuid = {4107A6EA-9069-418A-9D55-27DA1E8EC7A7}
	EndGlobalSection
EndGlobal
